// !$*UTF8*$!
{
	archiveVersion = 1;
	classes = {
	};
	objectVersion = 46;
	objects = {

/* Begin PBXBuildFile section */
		008A8EA21C104A71002A1E14 /* AppDelegate.swift in Sources */ = {isa = PBXBuildFile; fileRef = 008A8EA11C104A71002A1E14 /* AppDelegate.swift */; };
		008A8EA41C104A71002A1E14 /* ViewController.swift in Sources */ = {isa = PBXBuildFile; fileRef = 008A8EA31C104A71002A1E14 /* ViewController.swift */; };
		008A8EA71C104A71002A1E14 /* Main.storyboard in Resources */ = {isa = PBXBuildFile; fileRef = 008A8EA51C104A71002A1E14 /* Main.storyboard */; };
		008A8EAA1C104A71002A1E14 /* P_app.xcdatamodeld in Sources */ = {isa = PBXBuildFile; fileRef = 008A8EA81C104A71002A1E14 /* P_app.xcdatamodeld */; };
		008A8EAC1C104A71002A1E14 /* Assets.xcassets in Resources */ = {isa = PBXBuildFile; fileRef = 008A8EAB1C104A71002A1E14 /* Assets.xcassets */; };
		008A8EAF1C104A71002A1E14 /* LaunchScreen.storyboard in Resources */ = {isa = PBXBuildFile; fileRef = 008A8EAD1C104A71002A1E14 /* LaunchScreen.storyboard */; };
		008A8EB81C105272002A1E14 /* Plane.swift in Sources */ = {isa = PBXBuildFile; fileRef = 008A8EB71C105272002A1E14 /* Plane.swift */; settings = {ASSET_TAGS = (); }; };
		008A8EBA1C105445002A1E14 /* Posititon.swift in Sources */ = {isa = PBXBuildFile; fileRef = 008A8EB91C105445002A1E14 /* Posititon.swift */; settings = {ASSET_TAGS = (); }; };
		008A8EBC1C1058CF002A1E14 /* PreviousLocation.swift in Sources */ = {isa = PBXBuildFile; fileRef = 008A8EBB1C1058CF002A1E14 /* PreviousLocation.swift */; settings = {ASSET_TAGS = (); }; };
		008A8EBE1C105B2F002A1E14 /* AccountSession.swift in Sources */ = {isa = PBXBuildFile; fileRef = 008A8EBD1C105B2F002A1E14 /* AccountSession.swift */; settings = {ASSET_TAGS = (); }; };
		008A8EC01C105D68002A1E14 /* DatabaseMediator.swift in Sources */ = {isa = PBXBuildFile; fileRef = 008A8EBF1C105D68002A1E14 /* DatabaseMediator.swift */; settings = {ASSET_TAGS = (); }; };
/* End PBXBuildFile section */

/* Begin PBXFileReference section */
		008A8E9E1C104A71002A1E14 /* P-app.app */ = {isa = PBXFileReference; explicitFileType = wrapper.application; includeInIndex = 0; path = "P-app.app"; sourceTree = BUILT_PRODUCTS_DIR; };
		008A8EA11C104A71002A1E14 /* AppDelegate.swift */ = {isa = PBXFileReference; lastKnownFileType = sourcecode.swift; path = AppDelegate.swift; sourceTree = "<group>"; };
		008A8EA31C104A71002A1E14 /* ViewController.swift */ = {isa = PBXFileReference; lastKnownFileType = sourcecode.swift; path = ViewController.swift; sourceTree = "<group>"; };
		008A8EA61C104A71002A1E14 /* Base */ = {isa = PBXFileReference; lastKnownFileType = file.storyboard; name = Base; path = Base.lproj/Main.storyboard; sourceTree = "<group>"; };
		008A8EA91C104A71002A1E14 /* P_app.xcdatamodel */ = {isa = PBXFileReference; lastKnownFileType = wrapper.xcdatamodel; path = P_app.xcdatamodel; sourceTree = "<group>"; };
		008A8EAB1C104A71002A1E14 /* Assets.xcassets */ = {isa = PBXFileReference; lastKnownFileType = folder.assetcatalog; path = Assets.xcassets; sourceTree = "<group>"; };
		008A8EAE1C104A71002A1E14 /* Base */ = {isa = PBXFileReference; lastKnownFileType = file.storyboard; name = Base; path = Base.lproj/LaunchScreen.storyboard; sourceTree = "<group>"; };
		008A8EB01C104A71002A1E14 /* Info.plist */ = {isa = PBXFileReference; lastKnownFileType = text.plist.xml; path = Info.plist; sourceTree = "<group>"; };
		008A8EB71C105272002A1E14 /* Plane.swift */ = {isa = PBXFileReference; fileEncoding = 4; lastKnownFileType = sourcecode.swift; path = Plane.swift; sourceTree = "<group>"; };
		008A8EB91C105445002A1E14 /* Posititon.swift */ = {isa = PBXFileReference; fileEncoding = 4; lastKnownFileType = sourcecode.swift; path = Posititon.swift; sourceTree = "<group>"; };
		008A8EBB1C1058CF002A1E14 /* PreviousLocation.swift */ = {isa = PBXFileReference; fileEncoding = 4; lastKnownFileType = sourcecode.swift; path = PreviousLocation.swift; sourceTree = "<group>"; };
		008A8EBD1C105B2F002A1E14 /* AccountSession.swift */ = {isa = PBXFileReference; fileEncoding = 4; lastKnownFileType = sourcecode.swift; path = AccountSession.swift; sourceTree = "<group>"; };
		008A8EBF1C105D68002A1E14 /* DatabaseMediator.swift */ = {isa = PBXFileReference; fileEncoding = 4; lastKnownFileType = sourcecode.swift; path = DatabaseMediator.swift; sourceTree = "<group>"; };
/* End PBXFileReference section */

/* Begin PBXFrameworksBuildPhase section */
		008A8E9B1C104A71002A1E14 /* Frameworks */ = {
			isa = PBXFrameworksBuildPhase;
			buildActionMask = 2147483647;
			files = (
			);
			runOnlyForDeploymentPostprocessing = 0;
		};
/* End PBXFrameworksBuildPhase section */

/* Begin PBXGroup section */
		008A8E951C104A71002A1E14 = {
			isa = PBXGroup;
			children = (
				008A8EA01C104A71002A1E14 /* P-app */,
				008A8E9F1C104A71002A1E14 /* Products */,
			);
			sourceTree = "<group>";
		};
		008A8E9F1C104A71002A1E14 /* Products */ = {
			isa = PBXGroup;
			children = (
				008A8E9E1C104A71002A1E14 /* P-app.app */,
			);
			name = Products;
			sourceTree = "<group>";
		};
		008A8EA01C104A71002A1E14 /* P-app */ = {
			isa = PBXGroup;
			children = (
				008A8EB61C105255002A1E14 /* Scripts */,
				008A8EA11C104A71002A1E14 /* AppDelegate.swift */,
				008A8EA31C104A71002A1E14 /* ViewController.swift */,
				008A8EA51C104A71002A1E14 /* Main.storyboard */,
				008A8EAB1C104A71002A1E14 /* Assets.xcassets */,
				008A8EAD1C104A71002A1E14 /* LaunchScreen.storyboard */,
				008A8EB01C104A71002A1E14 /* Info.plist */,
				008A8EA81C104A71002A1E14 /* P_app.xcdatamodeld */,
			);
			path = "P-app";
			sourceTree = "<group>";
		};
		008A8EB61C105255002A1E14 /* Scripts */ = {
			isa = PBXGroup;
			children = (
				008A8EB71C105272002A1E14 /* Plane.swift */,
				008A8EB91C105445002A1E14 /* Posititon.swift */,
				008A8EBB1C1058CF002A1E14 /* PreviousLocation.swift */,
				008A8EBD1C105B2F002A1E14 /* AccountSession.swift */,
				008A8EBF1C105D68002A1E14 /* DatabaseMediator.swift */,
			);
			name = Scripts;
			sourceTree = "<group>";
		};
/* End PBXGroup section */

/* Begin PBXNativeTarget section */
		008A8E9D1C104A71002A1E14 /* P-app */ = {
			isa = PBXNativeTarget;
			buildConfigurationList = 008A8EB31C104A71002A1E14 /* Build configuration list for PBXNativeTarget "P-app" */;
			buildPhases = (
				008A8E9A1C104A71002A1E14 /* Sources */,
				008A8E9B1C104A71002A1E14 /* Frameworks */,
				008A8E9C1C104A71002A1E14 /* Resources */,
			);
			buildRules = (
			);
			dependencies = (
			);
			name = "P-app";
			productName = "P-app";
			productReference = 008A8E9E1C104A71002A1E14 /* P-app.app */;
			productType = "com.apple.product-type.application";
		};
/* End PBXNativeTarget section */

/* Begin PBXProject section */
		008A8E961C104A71002A1E14 /* Project object */ = {
			isa = PBXProject;
			attributes = {
				LastUpgradeCheck = 0700;
				ORGANIZATIONNAME = "p'app development";
				TargetAttributes = {
					008A8E9D1C104A71002A1E14 = {
						CreatedOnToolsVersion = 7.0;
					};
				};
			};
			buildConfigurationList = 008A8E991C104A71002A1E14 /* Build configuration list for PBXProject "P-app" */;
			compatibilityVersion = "Xcode 3.2";
			developmentRegion = English;
			hasScannedForEncodings = 0;
			knownRegions = (
				en,
				Base,
			);
			mainGroup = 008A8E951C104A71002A1E14;
			productRefGroup = 008A8E9F1C104A71002A1E14 /* Products */;
			projectDirPath = "";
			projectRoot = "";
			targets = (
				008A8E9D1C104A71002A1E14 /* P-app */,
			);
		};
/* End PBXProject section */

/* Begin PBXResourcesBuildPhase section */
		008A8E9C1C104A71002A1E14 /* Resources */ = {
			isa = PBXResourcesBuildPhase;
			buildActionMask = 2147483647;
			files = (
				008A8EAF1C104A71002A1E14 /* LaunchScreen.storyboard in Resources */,
				008A8EAC1C104A71002A1E14 /* Assets.xcassets in Resources */,
				008A8EA71C104A71002A1E14 /* Main.storyboard in Resources */,
			);
			runOnlyForDeploymentPostprocessing = 0;
		};
/* End PBXResourcesBuildPhase section */

/* Begin PBXSourcesBuildPhase section */
		008A8E9A1C104A71002A1E14 /* Sources */ = {
			isa = PBXSourcesBuildPhase;
			buildActionMask = 2147483647;
			files = (
				008A8EA41C104A71002A1E14 /* ViewController.swift in Sources */,
				008A8EA21C104A71002A1E14 /* AppDelegate.swift in Sources */,
				008A8EB81C105272002A1E14 /* Plane.swift in Sources */,
				008A8EC01C105D68002A1E14 /* DatabaseMediator.swift in Sources */,
				008A8EBA1C105445002A1E14 /* Posititon.swift in Sources */,
				008A8EAA1C104A71002A1E14 /* P_app.xcdatamodeld in Sources */,
				008A8EBE1C105B2F002A1E14 /* AccountSession.swift in Sources */,
				008A8EBC1C1058CF002A1E14 /* PreviousLocation.swift in Sources */,
			);
			runOnlyForDeploymentPostprocessing = 0;
		};
/* End PBXSourcesBuildPhase section */

/* Begin PBXVariantGroup section */
		008A8EA51C104A71002A1E14 /* Main.storyboard */ = {
			isa = PBXVariantGroup;
			children = (
				008A8EA61C104A71002A1E14 /* Base */,
			);
			name = Main.storyboard;
			sourceTree = "<group>";
		};
		008A8EAD1C104A71002A1E14 /* LaunchScreen.storyboard */ = {
			isa = PBXVariantGroup;
			children = (
				008A8EAE1C104A71002A1E14 /* Base */,
			);
			name = LaunchScreen.storyboard;
			sourceTree = "<group>";
		};
/* End PBXVariantGroup section */

/* Begin XCBuildConfiguration section */
		008A8EB11C104A71002A1E14 /* Debug */ = {
			isa = XCBuildConfiguration;
			buildSettings = {
				ALWAYS_SEARCH_USER_PATHS = NO;
				CLANG_CXX_LANGUAGE_STANDARD = "gnu++0x";
				CLANG_CXX_LIBRARY = "libc++";
				CLANG_ENABLE_MODULES = YES;
				CLANG_ENABLE_OBJC_ARC = YES;
				CLANG_WARN_BOOL_CONVERSION = YES;
				CLANG_WARN_CONSTANT_CONVERSION = YES;
				CLANG_WARN_DIRECT_OBJC_ISA_USAGE = YES_ERROR;
				CLANG_WARN_EMPTY_BODY = YES;
				CLANG_WARN_ENUM_CONVERSION = YES;
				CLANG_WARN_INT_CONVERSION = YES;
				CLANG_WARN_OBJC_ROOT_CLASS = YES_ERROR;
				CLANG_WARN_UNREACHABLE_CODE = YES;
				CLANG_WARN__DUPLICATE_METHOD_MATCH = YES;
				"CODE_SIGN_IDENTITY[sdk=iphoneos*]" = "iPhone Developer";
				COPY_PHASE_STRIP = NO;
				DEBUG_INFORMATION_FORMAT = dwarf;
				ENABLE_STRICT_OBJC_MSGSEND = YES;
				ENABLE_TESTABILITY = YES;
				GCC_C_LANGUAGE_STANDARD = gnu99;
				GCC_DYNAMIC_NO_PIC = NO;
				GCC_NO_COMMON_BLOCKS = YES;
				GCC_OPTIMIZATION_LEVEL = 0;
				GCC_PREPROCESSOR_DEFINITIONS = (
					"DEBUG=1",
					"$(inherited)",
				);
				GCC_WARN_64_TO_32_BIT_CONVERSION = YES;
				GCC_WARN_ABOUT_RETURN_TYPE = YES_ERROR;
				GCC_WARN_UNDECLARED_SELECTOR = YES;
				GCC_WARN_UNINITIALIZED_AUTOS = YES_AGGRESSIVE;
				GCC_WARN_UNUSED_FUNCTION = YES;
				GCC_WARN_UNUSED_VARIABLE = YES;
				IPHONEOS_DEPLOYMENT_TARGET = 9.0;
				MTL_ENABLE_DEBUG_INFO = YES;
				ONLY_ACTIVE_ARCH = YES;
				SDKROOT = iphoneos;
				SWIFT_OPTIMIZATION_LEVEL = "-Onone";
			};
			name = Debug;
		};
		008A8EB21C104A71002A1E14 /* Release */ = {
			isa = XCBuildConfiguration;
			buildSettings = {
				ALWAYS_SEARCH_USER_PATHS = NO;
				CLANG_CXX_LANGUAGE_STANDARD = "gnu++0x";
				CLANG_CXX_LIBRARY = "libc++";
				CLANG_ENABLE_MODULES = YES;
				CLANG_ENABLE_OBJC_ARC = YES;
				CLANG_WARN_BOOL_CONVERSION = YES;
				CLANG_WARN_CONSTANT_CONVERSION = YES;
				CLANG_WARN_DIRECT_OBJC_ISA_USAGE = YES_ERROR;
				CLANG_WARN_EMPTY_BODY = YES;
				CLANG_WARN_ENUM_CONVERSION = YES;
				CLANG_WARN_INT_CONVERSION = YES;
				CLANG_WARN_OBJC_ROOT_CLASS = YES_ERROR;
				CLANG_WARN_UNREACHABLE_CODE = YES;
				CLANG_WARN__DUPLICATE_METHOD_MATCH = YES;
				"CODE_SIGN_IDENTITY[sdk=iphoneos*]" = "iPhone Developer";
				COPY_PHASE_STRIP = NO;
				DEBUG_INFORMATION_FORMAT = "dwarf-with-dsym";
				ENABLE_NS_ASSERTIONS = NO;
				ENABLE_STRICT_OBJC_MSGSEND = YES;
				GCC_C_LANGUAGE_STANDARD = gnu99;
				GCC_NO_COMMON_BLOCKS = YES;
				GCC_WARN_64_TO_32_BIT_CONVERSION = YES;
				GCC_WARN_ABOUT_RETURN_TYPE = YES_ERROR;
				GCC_WARN_UNDECLARED_SELECTOR = YES;
				GCC_WARN_UNINITIALIZED_AUTOS = YES_AGGRESSIVE;
				GCC_WARN_UNUSED_FUNCTION = YES;
				GCC_WARN_UNUSED_VARIABLE = YES;
				IPHONEOS_DEPLOYMENT_TARGET = 9.0;
				MTL_ENABLE_DEBUG_INFO = NO;
				SDKROOT = iphoneos;
				VALIDATE_PRODUCT = YES;
			};
			name = Release;
		};
		008A8EB41C104A71002A1E14 /* Debug */ = {
			isa = XCBuildConfiguration;
			buildSettings = {
				ASSETCATALOG_COMPILER_APPICON_NAME = AppIcon;
				INFOPLIST_FILE = "P-app/Info.plist";
				LD_RUNPATH_SEARCH_PATHS = "$(inherited) @executable_path/Frameworks";
				PRODUCT_BUNDLE_IDENTIFIER = "com.pappdev.P-app";
				PRODUCT_NAME = "$(TARGET_NAME)";
			};
			name = Debug;
		};
		008A8EB51C104A71002A1E14 /* Release */ = {
			isa = XCBuildConfiguration;
			buildSettings = {
				ASSETCATALOG_COMPILER_APPICON_NAME = AppIcon;
				INFOPLIST_FILE = "P-app/Info.plist";
				LD_RUNPATH_SEARCH_PATHS = "$(inherited) @executable_path/Frameworks";
				PRODUCT_BUNDLE_IDENTIFIER = "com.pappdev.P-app";
				PRODUCT_NAME = "$(TARGET_NAME)";
			};
			name = Release;
		};
/* End XCBuildConfiguration section */

/* Begin XCConfigurationList section */
		008A8E991C104A71002A1E14 /* Build configuration list for PBXProject "P-app" */ = {
			isa = XCConfigurationList;
			buildConfigurations = (
				008A8EB11C104A71002A1E14 /* Debug */,
				008A8EB21C104A71002A1E14 /* Release */,
			);
			defaultConfigurationIsVisible = 0;
			defaultConfigurationName = Release;
		};
		008A8EB31C104A71002A1E14 /* Build configuration list for PBXNativeTarget "P-app" */ = {
			isa = XCConfigurationList;
			buildConfigurations = (
				008A8EB41C104A71002A1E14 /* Debug */,
				008A8EB51C104A71002A1E14 /* Release */,
			);
			defaultConfigurationIsVisible = 0;
		};
/* End XCConfigurationList section */

/* Begin XCVersionGroup section */
		008A8EA81C104A71002A1E14 /* P_app.xcdatamodeld */ = {
			isa = XCVersionGroup;
			children = (
				008A8EA91C104A71002A1E14 /* P_app.xcdatamodel */,
			);
			currentVersion = 008A8EA91C104A71002A1E14 /* P_app.xcdatamodel */;
			path = P_app.xcdatamodeld;
			sourceTree = "<group>";
			versionGroupType = wrapper.xcdatamodel;
		};
/* End XCVersionGroup section */
	};
	rootObject = 008A8E961C104A71002A1E14 /* Project object */;
}
